// !$*UTF8*$!
{
	archiveVersion = 1;
	classes = {
	};
	objectVersion = 50;
	objects = {

/* Begin PBXBuildFile section */
		E03D491121119D6000117E4F /* AppDelegate.m in Sources */ = {isa = PBXBuildFile; fileRef = E03D491021119D6000117E4F /* AppDelegate.m */; };
		E03D491721119D6000117E4F /* Main.storyboard in Resources */ = {isa = PBXBuildFile; fileRef = E03D491521119D6000117E4F /* Main.storyboard */; };
		E03D491921119D6100117E4F /* Assets.xcassets in Resources */ = {isa = PBXBuildFile; fileRef = E03D491821119D6100117E4F /* Assets.xcassets */; };
		E03D491C21119D6100117E4F /* LaunchScreen.storyboard in Resources */ = {isa = PBXBuildFile; fileRef = E03D491A21119D6100117E4F /* LaunchScreen.storyboard */; };
		E03D491F21119D6100117E4F /* main.m in Sources */ = {isa = PBXBuildFile; fileRef = E03D491E21119D6100117E4F /* main.m */; };
		E03D492921119D6100117E4F /* CountriesTests.m in Sources */ = {isa = PBXBuildFile; fileRef = E03D492821119D6100117E4F /* CountriesTests.m */; };
		E03D493421119D6100117E4F /* CountriesUITests.m in Sources */ = {isa = PBXBuildFile; fileRef = E03D493321119D6100117E4F /* CountriesUITests.m */; };
		E03D494A21119DDE00117E4F /* CountriesTableViewController.m in Sources */ = {isa = PBXBuildFile; fileRef = E03D494921119DDE00117E4F /* CountriesTableViewController.m */; };
		E03D494D21119E3200117E4F /* CountriesRepository.m in Sources */ = {isa = PBXBuildFile; fileRef = E03D494C21119E3200117E4F /* CountriesRepository.m */; };
		E03D495021119E4500117E4F /* Country.m in Sources */ = {isa = PBXBuildFile; fileRef = E03D494F21119E4500117E4F /* Country.m */; };
		E03D495321119E5A00117E4F /* CountriesViewModel.m in Sources */ = {isa = PBXBuildFile; fileRef = E03D495221119E5A00117E4F /* CountriesViewModel.m */; };
		E03D495621119EBD00117E4F /* CountryTableViewCell.m in Sources */ = {isa = PBXBuildFile; fileRef = E03D495521119EBD00117E4F /* CountryTableViewCell.m */; };
		E03D495C2111CFC500117E4F /* CountryDetailsViewController.m in Sources */ = {isa = PBXBuildFile; fileRef = E03D495B2111CFC500117E4F /* CountryDetailsViewController.m */; };
		E03D49612111DB2500117E4F /* CountryDetailsRepository.m in Sources */ = {isa = PBXBuildFile; fileRef = E03D49602111DB2500117E4F /* CountryDetailsRepository.m */; };
		E03D49652111DB6F00117E4F /* DataGenerator.m in Sources */ = {isa = PBXBuildFile; fileRef = E03D49642111DB6F00117E4F /* DataGenerator.m */; };
		E03D49692111E0EA00117E4F /* CountryDetailViewModel.m in Sources */ = {isa = PBXBuildFile; fileRef = E03D49682111E0EA00117E4F /* CountryDetailViewModel.m */; };
/* End PBXBuildFile section */

/* Begin PBXContainerItemProxy section */
		E03D492521119D6100117E4F /* PBXContainerItemProxy */ = {
			isa = PBXContainerItemProxy;
			containerPortal = E03D490421119D6000117E4F /* Project object */;
			proxyType = 1;
			remoteGlobalIDString = E03D490B21119D6000117E4F;
			remoteInfo = Countries;
		};
		E03D493021119D6100117E4F /* PBXContainerItemProxy */ = {
			isa = PBXContainerItemProxy;
			containerPortal = E03D490421119D6000117E4F /* Project object */;
			proxyType = 1;
			remoteGlobalIDString = E03D490B21119D6000117E4F;
			remoteInfo = Countries;
		};
/* End PBXContainerItemProxy section */

/* Begin PBXFileReference section */
		E03D490C21119D6000117E4F /* Countries.app */ = {isa = PBXFileReference; explicitFileType = wrapper.application; includeInIndex = 0; path = Countries.app; sourceTree = BUILT_PRODUCTS_DIR; };
		E03D490F21119D6000117E4F /* AppDelegate.h */ = {isa = PBXFileReference; lastKnownFileType = sourcecode.c.h; path = AppDelegate.h; sourceTree = "<group>"; };
		E03D491021119D6000117E4F /* AppDelegate.m */ = {isa = PBXFileReference; lastKnownFileType = sourcecode.c.objc; path = AppDelegate.m; sourceTree = "<group>"; };
		E03D491621119D6000117E4F /* Base */ = {isa = PBXFileReference; lastKnownFileType = file.storyboard; name = Base; path = Base.lproj/Main.storyboard; sourceTree = "<group>"; };
		E03D491821119D6100117E4F /* Assets.xcassets */ = {isa = PBXFileReference; lastKnownFileType = folder.assetcatalog; path = Assets.xcassets; sourceTree = "<group>"; };
		E03D491B21119D6100117E4F /* Base */ = {isa = PBXFileReference; lastKnownFileType = file.storyboard; name = Base; path = Base.lproj/LaunchScreen.storyboard; sourceTree = "<group>"; };
		E03D491D21119D6100117E4F /* Info.plist */ = {isa = PBXFileReference; lastKnownFileType = text.plist.xml; path = Info.plist; sourceTree = "<group>"; };
		E03D491E21119D6100117E4F /* main.m */ = {isa = PBXFileReference; lastKnownFileType = sourcecode.c.objc; path = main.m; sourceTree = "<group>"; };
		E03D492421119D6100117E4F /* CountriesTests.xctest */ = {isa = PBXFileReference; explicitFileType = wrapper.cfbundle; includeInIndex = 0; path = CountriesTests.xctest; sourceTree = BUILT_PRODUCTS_DIR; };
		E03D492821119D6100117E4F /* CountriesTests.m */ = {isa = PBXFileReference; lastKnownFileType = sourcecode.c.objc; path = CountriesTests.m; sourceTree = "<group>"; };
		E03D492A21119D6100117E4F /* Info.plist */ = {isa = PBXFileReference; lastKnownFileType = text.plist.xml; path = Info.plist; sourceTree = "<group>"; };
		E03D492F21119D6100117E4F /* CountriesUITests.xctest */ = {isa = PBXFileReference; explicitFileType = wrapper.cfbundle; includeInIndex = 0; path = CountriesUITests.xctest; sourceTree = BUILT_PRODUCTS_DIR; };
		E03D493321119D6100117E4F /* CountriesUITests.m */ = {isa = PBXFileReference; lastKnownFileType = sourcecode.c.objc; path = CountriesUITests.m; sourceTree = "<group>"; };
		E03D493521119D6100117E4F /* Info.plist */ = {isa = PBXFileReference; lastKnownFileType = text.plist.xml; path = Info.plist; sourceTree = "<group>"; };
		E03D494821119DDE00117E4F /* CountriesTableViewController.h */ = {isa = PBXFileReference; lastKnownFileType = sourcecode.c.h; path = CountriesTableViewController.h; sourceTree = "<group>"; };
		E03D494921119DDE00117E4F /* CountriesTableViewController.m */ = {isa = PBXFileReference; lastKnownFileType = sourcecode.c.objc; path = CountriesTableViewController.m; sourceTree = "<group>"; };
		E03D494B21119E3100117E4F /* CountriesRepository.h */ = {isa = PBXFileReference; fileEncoding = 4; lastKnownFileType = sourcecode.c.h; path = CountriesRepository.h; sourceTree = "<group>"; };
		E03D494C21119E3200117E4F /* CountriesRepository.m */ = {isa = PBXFileReference; fileEncoding = 4; lastKnownFileType = sourcecode.c.objc; path = CountriesRepository.m; sourceTree = "<group>"; };
		E03D494E21119E4500117E4F /* Country.h */ = {isa = PBXFileReference; fileEncoding = 4; lastKnownFileType = sourcecode.c.h; path = Country.h; sourceTree = "<group>"; };
		E03D494F21119E4500117E4F /* Country.m */ = {isa = PBXFileReference; fileEncoding = 4; lastKnownFileType = sourcecode.c.objc; path = Country.m; sourceTree = "<group>"; };
		E03D495121119E5A00117E4F /* CountriesViewModel.h */ = {isa = PBXFileReference; fileEncoding = 4; lastKnownFileType = sourcecode.c.h; path = CountriesViewModel.h; sourceTree = "<group>"; };
		E03D495221119E5A00117E4F /* CountriesViewModel.m */ = {isa = PBXFileReference; fileEncoding = 4; lastKnownFileType = sourcecode.c.objc; path = CountriesViewModel.m; sourceTree = "<group>"; };
		E03D495421119EBD00117E4F /* CountryTableViewCell.h */ = {isa = PBXFileReference; lastKnownFileType = sourcecode.c.h; path = CountryTableViewCell.h; sourceTree = "<group>"; };
		E03D495521119EBD00117E4F /* CountryTableViewCell.m */ = {isa = PBXFileReference; lastKnownFileType = sourcecode.c.objc; path = CountryTableViewCell.m; sourceTree = "<group>"; };
		E03D495A2111CFC500117E4F /* CountryDetailsViewController.h */ = {isa = PBXFileReference; lastKnownFileType = sourcecode.c.h; path = CountryDetailsViewController.h; sourceTree = "<group>"; };
		E03D495B2111CFC500117E4F /* CountryDetailsViewController.m */ = {isa = PBXFileReference; lastKnownFileType = sourcecode.c.objc; path = CountryDetailsViewController.m; sourceTree = "<group>"; };
		E03D495F2111DB2500117E4F /* CountryDetailsRepository.h */ = {isa = PBXFileReference; lastKnownFileType = sourcecode.c.h; path = CountryDetailsRepository.h; sourceTree = "<group>"; };
		E03D49602111DB2500117E4F /* CountryDetailsRepository.m */ = {isa = PBXFileReference; lastKnownFileType = sourcecode.c.objc; path = CountryDetailsRepository.m; sourceTree = "<group>"; };
		E03D49632111DB6F00117E4F /* DataGenerator.h */ = {isa = PBXFileReference; lastKnownFileType = sourcecode.c.h; path = DataGenerator.h; sourceTree = "<group>"; };
		E03D49642111DB6F00117E4F /* DataGenerator.m */ = {isa = PBXFileReference; lastKnownFileType = sourcecode.c.objc; path = DataGenerator.m; sourceTree = "<group>"; };
		E03D49672111E0EA00117E4F /* CountryDetailViewModel.h */ = {isa = PBXFileReference; lastKnownFileType = sourcecode.c.h; path = CountryDetailViewModel.h; sourceTree = "<group>"; };
		E03D49682111E0EA00117E4F /* CountryDetailViewModel.m */ = {isa = PBXFileReference; lastKnownFileType = sourcecode.c.objc; path = CountryDetailViewModel.m; sourceTree = "<group>"; };
/* End PBXFileReference section */

/* Begin PBXFrameworksBuildPhase section */
		E03D490921119D6000117E4F /* Frameworks */ = {
			isa = PBXFrameworksBuildPhase;
			buildActionMask = 2147483647;
			files = (
			);
			runOnlyForDeploymentPostprocessing = 0;
		};
		E03D492121119D6100117E4F /* Frameworks */ = {
			isa = PBXFrameworksBuildPhase;
			buildActionMask = 2147483647;
			files = (
			);
			runOnlyForDeploymentPostprocessing = 0;
		};
		E03D492C21119D6100117E4F /* Frameworks */ = {
			isa = PBXFrameworksBuildPhase;
			buildActionMask = 2147483647;
			files = (
			);
			runOnlyForDeploymentPostprocessing = 0;
		};
/* End PBXFrameworksBuildPhase section */

/* Begin PBXGroup section */
		E03D490321119D6000117E4F = {
			isa = PBXGroup;
			children = (
				E03D490E21119D6000117E4F /* Countries */,
				E03D492721119D6100117E4F /* CountriesTests */,
				E03D493221119D6100117E4F /* CountriesUITests */,
				E03D490D21119D6000117E4F /* Products */,
			);
			sourceTree = "<group>";
		};
		E03D490D21119D6000117E4F /* Products */ = {
			isa = PBXGroup;
			children = (
				E03D490C21119D6000117E4F /* Countries.app */,
				E03D492421119D6100117E4F /* CountriesTests.xctest */,
				E03D492F21119D6100117E4F /* CountriesUITests.xctest */,
			);
			name = Products;
			sourceTree = "<group>";
		};
		E03D490E21119D6000117E4F /* Countries */ = {
			isa = PBXGroup;
			children = (
				E03D49622111DB4E00117E4F /* Utilities */,
				E03D49572111CF8E00117E4F /* Country Details */,
				E03D494121119D6D00117E4F /* Country list */,
				E03D490F21119D6000117E4F /* AppDelegate.h */,
				E03D491021119D6000117E4F /* AppDelegate.m */,
				E03D491521119D6000117E4F /* Main.storyboard */,
				E03D491821119D6100117E4F /* Assets.xcassets */,
				E03D491A21119D6100117E4F /* LaunchScreen.storyboard */,
				E03D491D21119D6100117E4F /* Info.plist */,
				E03D491E21119D6100117E4F /* main.m */,
			);
			path = Countries;
			sourceTree = "<group>";
		};
		E03D492721119D6100117E4F /* CountriesTests */ = {
			isa = PBXGroup;
			children = (
				E03D492821119D6100117E4F /* CountriesTests.m */,
				E03D492A21119D6100117E4F /* Info.plist */,
			);
			path = CountriesTests;
			sourceTree = "<group>";
		};
		E03D493221119D6100117E4F /* CountriesUITests */ = {
			isa = PBXGroup;
			children = (
				E03D493321119D6100117E4F /* CountriesUITests.m */,
				E03D493521119D6100117E4F /* Info.plist */,
			);
			path = CountriesUITests;
			sourceTree = "<group>";
		};
		E03D494121119D6D00117E4F /* Country list */ = {
			isa = PBXGroup;
			children = (
				E03D494721119DB000117E4F /* Model */,
				E03D494621119DA200117E4F /* Repository */,
				E03D494521119D9500117E4F /* View Model */,
				E03D494221119D7A00117E4F /* View */,
			);
			path = "Country list";
			sourceTree = "<group>";
		};
		E03D494221119D7A00117E4F /* View */ = {
			isa = PBXGroup;
			children = (
				E03D494421119D8C00117E4F /* Storyboard */,
				E03D494321119D8300117E4F /* View Controller */,
			);
			path = View;
			sourceTree = "<group>";
		};
		E03D494321119D8300117E4F /* View Controller */ = {
			isa = PBXGroup;
			children = (
				E03D494821119DDE00117E4F /* CountriesTableViewController.h */,
				E03D494921119DDE00117E4F /* CountriesTableViewController.m */,
				E03D495421119EBD00117E4F /* CountryTableViewCell.h */,
				E03D495521119EBD00117E4F /* CountryTableViewCell.m */,
			);
			path = "View Controller";
			sourceTree = "<group>";
		};
		E03D494421119D8C00117E4F /* Storyboard */ = {
			isa = PBXGroup;
			children = (
			);
			path = Storyboard;
			sourceTree = "<group>";
		};
		E03D494521119D9500117E4F /* View Model */ = {
			isa = PBXGroup;
			children = (
				E03D495121119E5A00117E4F /* CountriesViewModel.h */,
				E03D495221119E5A00117E4F /* CountriesViewModel.m */,
			);
			path = "View Model";
			sourceTree = "<group>";
		};
		E03D494621119DA200117E4F /* Repository */ = {
			isa = PBXGroup;
			children = (
				E03D494B21119E3100117E4F /* CountriesRepository.h */,
				E03D494C21119E3200117E4F /* CountriesRepository.m */,
			);
			path = Repository;
			sourceTree = "<group>";
		};
		E03D494721119DB000117E4F /* Model */ = {
			isa = PBXGroup;
			children = (
				E03D494E21119E4500117E4F /* Country.h */,
				E03D494F21119E4500117E4F /* Country.m */,
			);
			path = Model;
			sourceTree = "<group>";
		};
		E03D49572111CF8E00117E4F /* Country Details */ = {
			isa = PBXGroup;
			children = (
				E03D49662111E0D500117E4F /* View Model */,
				E03D495D2111DAF100117E4F /* Repository */,
				E03D49582111CF9800117E4F /* View */,
			);
			path = "Country Details";
			sourceTree = "<group>";
		};
		E03D49582111CF9800117E4F /* View */ = {
			isa = PBXGroup;
			children = (
				E03D49592111CF9E00117E4F /* View controller */,
			);
			path = View;
			sourceTree = "<group>";
		};
		E03D49592111CF9E00117E4F /* View controller */ = {
			isa = PBXGroup;
			children = (
				E03D495A2111CFC500117E4F /* CountryDetailsViewController.h */,
				E03D495B2111CFC500117E4F /* CountryDetailsViewController.m */,
			);
			path = "View controller";
			sourceTree = "<group>";
		};
		E03D495D2111DAF100117E4F /* Repository */ = {
			isa = PBXGroup;
			children = (
				E03D495F2111DB2500117E4F /* CountryDetailsRepository.h */,
				E03D49602111DB2500117E4F /* CountryDetailsRepository.m */,
			);
			path = Repository;
			sourceTree = "<group>";
		};
		E03D49622111DB4E00117E4F /* Utilities */ = {
			isa = PBXGroup;
			children = (
				E03D49632111DB6F00117E4F /* DataGenerator.h */,
				E03D49642111DB6F00117E4F /* DataGenerator.m */,
			);
			path = Utilities;
			sourceTree = "<group>";
		};
		E03D49662111E0D500117E4F /* View Model */ = {
			isa = PBXGroup;
			children = (
				E03D49672111E0EA00117E4F /* CountryDetailViewModel.h */,
				E03D49682111E0EA00117E4F /* CountryDetailViewModel.m */,
			);
			path = "View Model";
			sourceTree = "<group>";
		};
/* End PBXGroup section */

/* Begin PBXNativeTarget section */
		E03D490B21119D6000117E4F /* Countries */ = {
			isa = PBXNativeTarget;
			buildConfigurationList = E03D493821119D6100117E4F /* Build configuration list for PBXNativeTarget "Countries" */;
			buildPhases = (
				E03D490821119D6000117E4F /* Sources */,
				E03D490921119D6000117E4F /* Frameworks */,
				E03D490A21119D6000117E4F /* Resources */,
			);
			buildRules = (
			);
			dependencies = (
			);
			name = Countries;
			productName = Countries;
			productReference = E03D490C21119D6000117E4F /* Countries.app */;
			productType = "com.apple.product-type.application";
		};
		E03D492321119D6100117E4F /* CountriesTests */ = {
			isa = PBXNativeTarget;
			buildConfigurationList = E03D493B21119D6100117E4F /* Build configuration list for PBXNativeTarget "CountriesTests" */;
			buildPhases = (
				E03D492021119D6100117E4F /* Sources */,
				E03D492121119D6100117E4F /* Frameworks */,
				E03D492221119D6100117E4F /* Resources */,
			);
			buildRules = (
			);
			dependencies = (
				E03D492621119D6100117E4F /* PBXTargetDependency */,
			);
			name = CountriesTests;
			productName = CountriesTests;
			productReference = E03D492421119D6100117E4F /* CountriesTests.xctest */;
			productType = "com.apple.product-type.bundle.unit-test";
		};
		E03D492E21119D6100117E4F /* CountriesUITests */ = {
			isa = PBXNativeTarget;
			buildConfigurationList = E03D493E21119D6100117E4F /* Build configuration list for PBXNativeTarget "CountriesUITests" */;
			buildPhases = (
				E03D492B21119D6100117E4F /* Sources */,
				E03D492C21119D6100117E4F /* Frameworks */,
				E03D492D21119D6100117E4F /* Resources */,
			);
			buildRules = (
			);
			dependencies = (
				E03D493121119D6100117E4F /* PBXTargetDependency */,
			);
			name = CountriesUITests;
			productName = CountriesUITests;
			productReference = E03D492F21119D6100117E4F /* CountriesUITests.xctest */;
			productType = "com.apple.product-type.bundle.ui-testing";
		};
/* End PBXNativeTarget section */

/* Begin PBXProject section */
		E03D490421119D6000117E4F /* Project object */ = {
			isa = PBXProject;
			attributes = {
				LastUpgradeCheck = 0940;
				ORGANIZATIONNAME = "Sashen Pillay";
				TargetAttributes = {
					E03D490B21119D6000117E4F = {
						CreatedOnToolsVersion = 9.4;
					};
					E03D492321119D6100117E4F = {
						CreatedOnToolsVersion = 9.4;
						TestTargetID = E03D490B21119D6000117E4F;
					};
					E03D492E21119D6100117E4F = {
						CreatedOnToolsVersion = 9.4;
						TestTargetID = E03D490B21119D6000117E4F;
					};
				};
			};
			buildConfigurationList = E03D490721119D6000117E4F /* Build configuration list for PBXProject "Countries" */;
			compatibilityVersion = "Xcode 9.3";
			developmentRegion = en;
			hasScannedForEncodings = 0;
			knownRegions = (
				en,
				Base,
			);
			mainGroup = E03D490321119D6000117E4F;
			productRefGroup = E03D490D21119D6000117E4F /* Products */;
			projectDirPath = "";
			projectRoot = "";
			targets = (
				E03D490B21119D6000117E4F /* Countries */,
				E03D492321119D6100117E4F /* CountriesTests */,
				E03D492E21119D6100117E4F /* CountriesUITests */,
			);
		};
/* End PBXProject section */

/* Begin PBXResourcesBuildPhase section */
		E03D490A21119D6000117E4F /* Resources */ = {
			isa = PBXResourcesBuildPhase;
			buildActionMask = 2147483647;
			files = (
				E03D491C21119D6100117E4F /* LaunchScreen.storyboard in Resources */,
				E03D491921119D6100117E4F /* Assets.xcassets in Resources */,
				E03D491721119D6000117E4F /* Main.storyboard in Resources */,
			);
			runOnlyForDeploymentPostprocessing = 0;
		};
		E03D492221119D6100117E4F /* Resources */ = {
			isa = PBXResourcesBuildPhase;
			buildActionMask = 2147483647;
			files = (
			);
			runOnlyForDeploymentPostprocessing = 0;
		};
		E03D492D21119D6100117E4F /* Resources */ = {
			isa = PBXResourcesBuildPhase;
			buildActionMask = 2147483647;
			files = (
			);
			runOnlyForDeploymentPostprocessing = 0;
		};
/* End PBXResourcesBuildPhase section */

/* Begin PBXSourcesBuildPhase section */
		E03D490821119D6000117E4F /* Sources */ = {
			isa = PBXSourcesBuildPhase;
			buildActionMask = 2147483647;
			files = (
				E03D495621119EBD00117E4F /* CountryTableViewCell.m in Sources */,
				E03D49692111E0EA00117E4F /* CountryDetailViewModel.m in Sources */,
				E03D494A21119DDE00117E4F /* CountriesTableViewController.m in Sources */,
				E03D495C2111CFC500117E4F /* CountryDetailsViewController.m in Sources */,
				E03D494D21119E3200117E4F /* CountriesRepository.m in Sources */,
				E03D491F21119D6100117E4F /* main.m in Sources */,
				E03D49652111DB6F00117E4F /* DataGenerator.m in Sources */,
				E03D495021119E4500117E4F /* Country.m in Sources */,
				E03D49612111DB2500117E4F /* CountryDetailsRepository.m in Sources */,
				E03D495321119E5A00117E4F /* CountriesViewModel.m in Sources */,
				E03D491121119D6000117E4F /* AppDelegate.m in Sources */,
			);
			runOnlyForDeploymentPostprocessing = 0;
		};
		E03D492021119D6100117E4F /* Sources */ = {
			isa = PBXSourcesBuildPhase;
			buildActionMask = 2147483647;
			files = (
				E03D492921119D6100117E4F /* CountriesTests.m in Sources */,
			);
			runOnlyForDeploymentPostprocessing = 0;
		};
		E03D492B21119D6100117E4F /* Sources */ = {
			isa = PBXSourcesBuildPhase;
			buildActionMask = 2147483647;
			files = (
				E03D493421119D6100117E4F /* CountriesUITests.m in Sources */,
			);
			runOnlyForDeploymentPostprocessing = 0;
		};
/* End PBXSourcesBuildPhase section */

/* Begin PBXTargetDependency section */
		E03D492621119D6100117E4F /* PBXTargetDependency */ = {
			isa = PBXTargetDependency;
			target = E03D490B21119D6000117E4F /* Countries */;
			targetProxy = E03D492521119D6100117E4F /* PBXContainerItemProxy */;
		};
		E03D493121119D6100117E4F /* PBXTargetDependency */ = {
			isa = PBXTargetDependency;
			target = E03D490B21119D6000117E4F /* Countries */;
			targetProxy = E03D493021119D6100117E4F /* PBXContainerItemProxy */;
		};
/* End PBXTargetDependency section */

/* Begin PBXVariantGroup section */
		E03D491521119D6000117E4F /* Main.storyboard */ = {
			isa = PBXVariantGroup;
			children = (
				E03D491621119D6000117E4F /* Base */,
			);
			name = Main.storyboard;
			sourceTree = "<group>";
		};
		E03D491A21119D6100117E4F /* LaunchScreen.storyboard */ = {
			isa = PBXVariantGroup;
			children = (
				E03D491B21119D6100117E4F /* Base */,
			);
			name = LaunchScreen.storyboard;
			sourceTree = "<group>";
		};
/* End PBXVariantGroup section */

/* Begin XCBuildConfiguration section */
		E03D493621119D6100117E4F /* Debug */ = {
			isa = XCBuildConfiguration;
			buildSettings = {
				ALWAYS_SEARCH_USER_PATHS = NO;
				CLANG_ANALYZER_NONNULL = YES;
				CLANG_ANALYZER_NUMBER_OBJECT_CONVERSION = YES_AGGRESSIVE;
				CLANG_CXX_LANGUAGE_STANDARD = "gnu++14";
				CLANG_CXX_LIBRARY = "libc++";
				CLANG_ENABLE_MODULES = YES;
				CLANG_ENABLE_OBJC_ARC = YES;
				CLANG_ENABLE_OBJC_WEAK = YES;
				CLANG_WARN_BLOCK_CAPTURE_AUTORELEASING = YES;
				CLANG_WARN_BOOL_CONVERSION = YES;
				CLANG_WARN_COMMA = YES;
				CLANG_WARN_CONSTANT_CONVERSION = YES;
				CLANG_WARN_DEPRECATED_OBJC_IMPLEMENTATIONS = YES;
				CLANG_WARN_DIRECT_OBJC_ISA_USAGE = YES_ERROR;
				CLANG_WARN_DOCUMENTATION_COMMENTS = YES;
				CLANG_WARN_EMPTY_BODY = YES;
				CLANG_WARN_ENUM_CONVERSION = YES;
				CLANG_WARN_INFINITE_RECURSION = YES;
				CLANG_WARN_INT_CONVERSION = YES;
				CLANG_WARN_NON_LITERAL_NULL_CONVERSION = YES;
				CLANG_WARN_OBJC_IMPLICIT_RETAIN_SELF = YES;
				CLANG_WARN_OBJC_LITERAL_CONVERSION = YES;
				CLANG_WARN_OBJC_ROOT_CLASS = YES_ERROR;
				CLANG_WARN_RANGE_LOOP_ANALYSIS = YES;
				CLANG_WARN_STRICT_PROTOTYPES = YES;
				CLANG_WARN_SUSPICIOUS_MOVE = YES;
				CLANG_WARN_UNGUARDED_AVAILABILITY = YES_AGGRESSIVE;
				CLANG_WARN_UNREACHABLE_CODE = YES;
				CLANG_WARN__DUPLICATE_METHOD_MATCH = YES;
				CODE_SIGN_IDENTITY = "iPhone Developer";
				COPY_PHASE_STRIP = NO;
				DEBUG_INFORMATION_FORMAT = dwarf;
				ENABLE_STRICT_OBJC_MSGSEND = YES;
				ENABLE_TESTABILITY = YES;
				GCC_C_LANGUAGE_STANDARD = gnu11;
				GCC_DYNAMIC_NO_PIC = NO;
				GCC_NO_COMMON_BLOCKS = YES;
				GCC_OPTIMIZATION_LEVEL = 0;
				GCC_PREPROCESSOR_DEFINITIONS = (
					"DEBUG=1",
					"$(inherited)",
				);
				GCC_WARN_64_TO_32_BIT_CONVERSION = YES;
				GCC_WARN_ABOUT_RETURN_TYPE = YES_ERROR;
				GCC_WARN_UNDECLARED_SELECTOR = YES;
				GCC_WARN_UNINITIALIZED_AUTOS = YES_AGGRESSIVE;
				GCC_WARN_UNUSED_FUNCTION = YES;
				GCC_WARN_UNUSED_VARIABLE = YES;
				IPHONEOS_DEPLOYMENT_TARGET = 11.4;
				MTL_ENABLE_DEBUG_INFO = YES;
				ONLY_ACTIVE_ARCH = YES;
				SDKROOT = iphoneos;
			};
			name = Debug;
		};
		E03D493721119D6100117E4F /* Release */ = {
			isa = XCBuildConfiguration;
			buildSettings = {
				ALWAYS_SEARCH_USER_PATHS = NO;
				CLANG_ANALYZER_NONNULL = YES;
				CLANG_ANALYZER_NUMBER_OBJECT_CONVERSION = YES_AGGRESSIVE;
				CLANG_CXX_LANGUAGE_STANDARD = "gnu++14";
				CLANG_CXX_LIBRARY = "libc++";
				CLANG_ENABLE_MODULES = YES;
				CLANG_ENABLE_OBJC_ARC = YES;
				CLANG_ENABLE_OBJC_WEAK = YES;
				CLANG_WARN_BLOCK_CAPTURE_AUTORELEASING = YES;
				CLANG_WARN_BOOL_CONVERSION = YES;
				CLANG_WARN_COMMA = YES;
				CLANG_WARN_CONSTANT_CONVERSION = YES;
				CLANG_WARN_DEPRECATED_OBJC_IMPLEMENTATIONS = YES;
				CLANG_WARN_DIRECT_OBJC_ISA_USAGE = YES_ERROR;
				CLANG_WARN_DOCUMENTATION_COMMENTS = YES;
				CLANG_WARN_EMPTY_BODY = YES;
				CLANG_WARN_ENUM_CONVERSION = YES;
				CLANG_WARN_INFINITE_RECURSION = YES;
				CLANG_WARN_INT_CONVERSION = YES;
				CLANG_WARN_NON_LITERAL_NULL_CONVERSION = YES;
				CLANG_WARN_OBJC_IMPLICIT_RETAIN_SELF = YES;
				CLANG_WARN_OBJC_LITERAL_CONVERSION = YES;
				CLANG_WARN_OBJC_ROOT_CLASS = YES_ERROR;
				CLANG_WARN_RANGE_LOOP_ANALYSIS = YES;
				CLANG_WARN_STRICT_PROTOTYPES = YES;
				CLANG_WARN_SUSPICIOUS_MOVE = YES;
				CLANG_WARN_UNGUARDED_AVAILABILITY = YES_AGGRESSIVE;
				CLANG_WARN_UNREACHABLE_CODE = YES;
				CLANG_WARN__DUPLICATE_METHOD_MATCH = YES;
				CODE_SIGN_IDENTITY = "iPhone Developer";
				COPY_PHASE_STRIP = NO;
				DEBUG_INFORMATION_FORMAT = "dwarf-with-dsym";
				ENABLE_NS_ASSERTIONS = NO;
				ENABLE_STRICT_OBJC_MSGSEND = YES;
				GCC_C_LANGUAGE_STANDARD = gnu11;
				GCC_NO_COMMON_BLOCKS = YES;
				GCC_WARN_64_TO_32_BIT_CONVERSION = YES;
				GCC_WARN_ABOUT_RETURN_TYPE = YES_ERROR;
				GCC_WARN_UNDECLARED_SELECTOR = YES;
				GCC_WARN_UNINITIALIZED_AUTOS = YES_AGGRESSIVE;
				GCC_WARN_UNUSED_FUNCTION = YES;
				GCC_WARN_UNUSED_VARIABLE = YES;
				IPHONEOS_DEPLOYMENT_TARGET = 11.4;
				MTL_ENABLE_DEBUG_INFO = NO;
				SDKROOT = iphoneos;
				VALIDATE_PRODUCT = YES;
			};
			name = Release;
		};
		E03D493921119D6100117E4F /* Debug */ = {
			isa = XCBuildConfiguration;
			buildSettings = {
				ASSETCATALOG_COMPILER_APPICON_NAME = AppIcon;
				CODE_SIGN_STYLE = Automatic;
				DEVELOPMENT_TEAM = GLK7J5PP82;
				INFOPLIST_FILE = Countries/Info.plist;
				LD_RUNPATH_SEARCH_PATHS = (
					"$(inherited)",
					"@executable_path/Frameworks",
				);
				PRODUCT_BUNDLE_IDENTIFIER = countries.Countries;
				PRODUCT_NAME = "$(TARGET_NAME)";
				TARGETED_DEVICE_FAMILY = "1,2";
			};
			name = Debug;
		};
		E03D493A21119D6100117E4F /* Release */ = {
			isa = XCBuildConfiguration;
			buildSettings = {
				ASSETCATALOG_COMPILER_APPICON_NAME = AppIcon;
				CODE_SIGN_STYLE = Automatic;
				DEVELOPMENT_TEAM = GLK7J5PP82;
				INFOPLIST_FILE = Countries/Info.plist;
				LD_RUNPATH_SEARCH_PATHS = (
					"$(inherited)",
					"@executable_path/Frameworks",
				);
				PRODUCT_BUNDLE_IDENTIFIER = countries.Countries;
				PRODUCT_NAME = "$(TARGET_NAME)";
				TARGETED_DEVICE_FAMILY = "1,2";
			};
			name = Release;
		};
		E03D493C21119D6100117E4F /* Debug */ = {
			isa = XCBuildConfiguration;
			buildSettings = {
				BUNDLE_LOADER = "$(TEST_HOST)";
				CODE_SIGN_STYLE = Automatic;
				DEVELOPMENT_TEAM = GLK7J5PP82;
				INFOPLIST_FILE = CountriesTests/Info.plist;
				LD_RUNPATH_SEARCH_PATHS = (
					"$(inherited)",
					"@executable_path/Frameworks",
					"@loader_path/Frameworks",
				);
				PRODUCT_BUNDLE_IDENTIFIER = countries.CountriesTests;
				PRODUCT_NAME = "$(TARGET_NAME)";
				TARGETED_DEVICE_FAMILY = "1,2";
				TEST_HOST = "$(BUILT_PRODUCTS_DIR)/Countries.app/Countries";
			};
			name = Debug;
		};
		E03D493D21119D6100117E4F /* Release */ = {
			isa = XCBuildConfiguration;
			buildSettings = {
				BUNDLE_LOADER = "$(TEST_HOST)";
				CODE_SIGN_STYLE = Automatic;
				DEVELOPMENT_TEAM = GLK7J5PP82;
				INFOPLIST_FILE = CountriesTests/Info.plist;
				LD_RUNPATH_SEARCH_PATHS = (
					"$(inherited)",
					"@executable_path/Frameworks",
					"@loader_path/Frameworks",
				);
				PRODUCT_BUNDLE_IDENTIFIER = countries.CountriesTests;
				PRODUCT_NAME = "$(TARGET_NAME)";
				TARGETED_DEVICE_FAMILY = "1,2";
				TEST_HOST = "$(BUILT_PRODUCTS_DIR)/Countries.app/Countries";
			};
			name = Release;
		};
		E03D493F21119D6100117E4F /* Debug */ = {
			isa = XCBuildConfiguration;
			buildSettings = {
				CODE_SIGN_STYLE = Automatic;
				DEVELOPMENT_TEAM = GLK7J5PP82;
				INFOPLIST_FILE = CountriesUITests/Info.plist;
				LD_RUNPATH_SEARCH_PATHS = (
					"$(inherited)",
					"@executable_path/Frameworks",
					"@loader_path/Frameworks",
				);
				PRODUCT_BUNDLE_IDENTIFIER = countries.CountriesUITests;
				PRODUCT_NAME = "$(TARGET_NAME)";
				TARGETED_DEVICE_FAMILY = "1,2";
				TEST_TARGET_NAME = Countries;
			};
			name = Debug;
		};
		E03D494021119D6100117E4F /* Release */ = {
			isa = XCBuildConfiguration;
			buildSettings = {
				CODE_SIGN_STYLE = Automatic;
				DEVELOPMENT_TEAM = GLK7J5PP82;
				INFOPLIST_FILE = CountriesUITests/Info.plist;
				LD_RUNPATH_SEARCH_PATHS = (
					"$(inherited)",
					"@executable_path/Frameworks",
					"@loader_path/Frameworks",
				);
				PRODUCT_BUNDLE_IDENTIFIER = countries.CountriesUITests;
				PRODUCT_NAME = "$(TARGET_NAME)";
				TARGETED_DEVICE_FAMILY = "1,2";
				TEST_TARGET_NAME = Countries;
			};
			name = Release;
		};
/* End XCBuildConfiguration section */

/* Begin XCConfigurationList section */
		E03D490721119D6000117E4F /* Build configuration list for PBXProject "Countries" */ = {
			isa = XCConfigurationList;
			buildConfigurations = (
				E03D493621119D6100117E4F /* Debug */,
				E03D493721119D6100117E4F /* Release */,
			);
			defaultConfigurationIsVisible = 0;
			defaultConfigurationName = Release;
		};
		E03D493821119D6100117E4F /* Build configuration list for PBXNativeTarget "Countries" */ = {
			isa = XCConfigurationList;
			buildConfigurations = (
				E03D493921119D6100117E4F /* Debug */,
				E03D493A21119D6100117E4F /* Release */,
			);
			defaultConfigurationIsVisible = 0;
			defaultConfigurationName = Release;
		};
		E03D493B21119D6100117E4F /* Build configuration list for PBXNativeTarget "CountriesTests" */ = {
			isa = XCConfigurationList;
			buildConfigurations = (
				E03D493C21119D6100117E4F /* Debug */,
				E03D493D21119D6100117E4F /* Release */,
			);
			defaultConfigurationIsVisible = 0;
			defaultConfigurationName = Release;
		};
		E03D493E21119D6100117E4F /* Build configuration list for PBXNativeTarget "CountriesUITests" */ = {
			isa = XCConfigurationList;
			buildConfigurations = (
				E03D493F21119D6100117E4F /* Debug */,
				E03D494021119D6100117E4F /* Release */,
			);
			defaultConfigurationIsVisible = 0;
			defaultConfigurationName = Release;
		};
/* End XCConfigurationList section */
	};
	rootObject = E03D490421119D6000117E4F /* Project object */;
}
